
Microsoft Visual Studio Solution File, Format Version 12.00
# Visual Studio Version 17
VisualStudioVersion = 17.11.35327.3
MinimumVisualStudioVersion = 10.0.40219.1
Project("{9A19103F-16F7-4668-BE54-9A1E7A4F7556}") = "Lab5", "Lab5\Lab5.csproj", "{D097DF52-20D5-45F4-8F40-0ED0FF25C434}"
EndProject
Project("{FAE04EC0-301F-11D3-BF4B-00C04F79EFBC}") = "LabsLibrary", "LabsLibrary\LabsLibrary.csproj", "{8DE0535B-9A64-499C-8C29-297AB43B92C5}"
EndProject
Global
	GlobalSection(SolutionConfigurationPlatforms) = preSolution
		Debug|Any CPU = Debug|Any CPU
		Release|Any CPU = Release|Any CPU
	EndGlobalSection
	GlobalSection(ProjectConfigurationPlatforms) = postSolution
		{D097DF52-20D5-45F4-8F40-0ED0FF25C434}.Debug|Any CPU.ActiveCfg = Debug|Any CPU
		{D097DF52-20D5-45F4-8F40-0ED0FF25C434}.Debug|Any CPU.Build.0 = Debug|Any CPU
		{D097DF52-20D5-45F4-8F40-0ED0FF25C434}.Release|Any CPU.ActiveCfg = Release|Any CPU
		{D097DF52-20D5-45F4-8F40-0ED0FF25C434}.Release|Any CPU.Build.0 = Release|Any CPU
		{8DE0535B-9A64-499C-8C29-297AB43B92C5}.Debug|Any CPU.ActiveCfg = Debug|Any CPU
		{8DE0535B-9A64-499C-8C29-297AB43B92C5}.Debug|Any CPU.Build.0 = Debug|Any CPU
		{8DE0535B-9A64-499C-8C29-297AB43B92C5}.Release|Any CPU.ActiveCfg = Release|Any CPU
		{8DE0535B-9A64-499C-8C29-297AB43B92C5}.Release|Any CPU.Build.0 = Release|Any CPU
	EndGlobalSection
	GlobalSection(SolutionProperties) = preSolution
		HideSolutionNode = FALSE
	EndGlobalSection
	GlobalSection(ExtensibilityGlobals) = postSolution
		SolutionGuid = {0946D4B4-6BE8-4AC7-8957-7CC9247BC45E}
	EndGlobalSection
EndGlobal
